// !$*UTF8*$!
{
	archiveVersion = 1;
	classes = {
	};
	objectVersion = 77;
	objects = {

/* Begin PBXBuildFile section */
		0024E4E9B5BE578D82C70491 /* EmptyStateView.swift in Sources */ = {isa = PBXBuildFile; fileRef = 35137C828BEDFE0F1A23F7C2 /* EmptyStateView.swift */; };
		0388F2D8707F552D8F69D8B2 /* AvatarView.swift in Sources */ = {isa = PBXBuildFile; fileRef = 0E8934A3D8914800D3038037 /* AvatarView.swift */; };
		11A3D04872770CC53D17C320 /* CircleMessage.swift in Sources */ = {isa = PBXBuildFile; fileRef = 975BA3F618A269A8D5D8EA2A /* CircleMessage.swift */; };
		128BE8E9A8BEE2E8B73E1950 /* MockData.swift in Sources */ = {isa = PBXBuildFile; fileRef = 9E56C832C2DC0492072BDAA2 /* MockData.swift */; };
		12D3538B795DC4CC4ADEDB79 /* MessageBubbleView.swift in Sources */ = {isa = PBXBuildFile; fileRef = 56F319D35E92BE520565AEBF /* MessageBubbleView.swift */; };
		140D4F90BABD9336827F0C43 /* DirectMessageThreadView.swift in Sources */ = {isa = PBXBuildFile; fileRef = 7621171426553E6ABA9F1C87 /* DirectMessageThreadView.swift */; };
		1BF848C159AE44A46303C475 /* RootView.swift in Sources */ = {isa = PBXBuildFile; fileRef = 46E01DF37CD02C2EC6B10B54 /* RootView.swift */; };
		290BABB86CBD2D9826AC33E4 /* HabitCompletion.swift in Sources */ = {isa = PBXBuildFile; fileRef = F67E6D38950535254146D36C /* HabitCompletion.swift */; };
		2C873E5ED0126C0807005F80 /* DeepLinkHandler.swift in Sources */ = {isa = PBXBuildFile; fileRef = 10C04B332FB0E9DCC14136A9 /* DeepLinkHandler.swift */; };
		2E8C8E17F74E88A4471EC79B /* Date+Tally.swift in Sources */ = {isa = PBXBuildFile; fileRef = 370BFA08DA98388F57FA9FE3 /* Date+Tally.swift */; };
		2EF4CD66338EB2415A1B358D /* MemberDetailView.swift in Sources */ = {isa = PBXBuildFile; fileRef = 2E237822882594EFFAEB4744 /* MemberDetailView.swift */; };
		343BD6037A10410E91205018 /* WeekCalculator.swift in Sources */ = {isa = PBXBuildFile; fileRef = C998D4524473F7524D00E4B9 /* WeekCalculator.swift */; };
		35BBEA0B07AD308B03814152 /* TallyApp.swift in Sources */ = {isa = PBXBuildFile; fileRef = 952D829F4BE8048607324226 /* TallyApp.swift */; };
		37229F201AE53D8116A0745D /* MockHabitStore.swift in Sources */ = {isa = PBXBuildFile; fileRef = 5497A22187182B52574D38E9 /* MockHabitStore.swift */; };
		3E4949B44A008C857DFB0D64 /* MockProfileStore.swift in Sources */ = {isa = PBXBuildFile; fileRef = BFC71190C85283D3E1DDE9D3 /* MockProfileStore.swift */; };
		42F0CCD6C46D493A9DCE34C9 /* AddHabitSheet.swift in Sources */ = {isa = PBXBuildFile; fileRef = 87073D927C36A87500F56727 /* AddHabitSheet.swift */; };
		43365BBD43AD94F1B2ACEE61 /* StreakCalculatorTests.swift in Sources */ = {isa = PBXBuildFile; fileRef = 7B233A82FD765774DB7E9A02 /* StreakCalculatorTests.swift */; };
		4E0D613B82DDFD9130A82EAE /* GoalsSetupView.swift in Sources */ = {isa = PBXBuildFile; fileRef = 572BA4BB19728F7A9F7AED04 /* GoalsSetupView.swift */; };
		4FBAFB8286AB96CC930DCDC9 /* AddGoalSheet.swift in Sources */ = {isa = PBXBuildFile; fileRef = 21D2909605717F549577D7B2 /* AddGoalSheet.swift */; };
		5463BAB7233583B1CE0CC2DB /* DirectMessageListView.swift in Sources */ = {isa = PBXBuildFile; fileRef = 6A96D357A003369225937AA7 /* DirectMessageListView.swift */; };
		5CF7076A7D942EE6B9F78F6C /* Constants.swift in Sources */ = {isa = PBXBuildFile; fileRef = 8F9632183DC480FF9013A5DE /* Constants.swift */; };
		6968B68DFB910D9442F500FB /* TallyCircle.swift in Sources */ = {isa = PBXBuildFile; fileRef = EF0643AE001B774C4DBAAEE5 /* TallyCircle.swift */; };
		6C546B4FC97EBE5DE0A13E69 /* CKClient.swift in Sources */ = {isa = PBXBuildFile; fileRef = E2A062890E118D54EA899C1D /* CKClient.swift */; };
		70130F2A270FFE3CD74A7BC6 /* MessageComposerView.swift in Sources */ = {isa = PBXBuildFile; fileRef = 1DE51B53C3B5C99A361E9DD7 /* MessageComposerView.swift */; };
		7332561AE65743C77CF70FBE /* ICloudStatusGate.swift in Sources */ = {isa = PBXBuildFile; fileRef = 6AE3DEBFEA97C34B7EC75584 /* ICloudStatusGate.swift */; };
		734D650294B7E4DCAFE08F11 /* DirectMessage.swift in Sources */ = {isa = PBXBuildFile; fileRef = 6A9A9D1DF334A01ADC0012B0 /* DirectMessage.swift */; };
		73CC483F7E58538E9B30712A /* CheckboxButton.swift in Sources */ = {isa = PBXBuildFile; fileRef = 2975C824D6A555C048A5F7E8 /* CheckboxButton.swift */; };
		74BF818C821A0CD69015BCFE /* CircleDashboardView.swift in Sources */ = {isa = PBXBuildFile; fileRef = C5E79DF71BCCE602887039DC /* CircleDashboardView.swift */; };
		7859CA46CEC6773766592256 /* MockCircleStore.swift in Sources */ = {isa = PBXBuildFile; fileRef = 8B7C451078E291DE4ADD02B5 /* MockCircleStore.swift */; };
		796898ACDA0CE402FCB8C895 /* WeeklyGoal.swift in Sources */ = {isa = PBXBuildFile; fileRef = 792FB3929C507FF92C72694F /* WeeklyGoal.swift */; };
		81A088BA10B7B2F91EC0995A /* Profile.swift in Sources */ = {isa = PBXBuildFile; fileRef = 8A5B14F405D3F8F1D3713D9F /* Profile.swift */; };
		86F405E98DA8E3A10C1C48B7 /* CircleFeedView.swift in Sources */ = {isa = PBXBuildFile; fileRef = 4C0DCF5404863ACA6CB96F03 /* CircleFeedView.swift */; };
		8703EE7AA29B3BDA766C7B66 /* ProfileRepository.swift in Sources */ = {isa = PBXBuildFile; fileRef = DA4022F12FFC0A196A98FA76 /* ProfileRepository.swift */; };
		88E18B78A088CC04B4908862 /* CircleMember.swift in Sources */ = {isa = PBXBuildFile; fileRef = 3299AC9D570A5254E7ECF943 /* CircleMember.swift */; };
		9CA3820E0FFE03E11541EF54 /* HabitListView.swift in Sources */ = {isa = PBXBuildFile; fileRef = 596710D632C92CA7D6341EB9 /* HabitListView.swift */; };
		A2D3DD8B45197DC7B05ECAD3 /* DayDetailView.swift in Sources */ = {isa = PBXBuildFile; fileRef = A4C2E39F14445DB05584D201 /* DayDetailView.swift */; };
		A3C3C0E8603E66529153A491 /* MockGoalStore.swift in Sources */ = {isa = PBXBuildFile; fileRef = 7FC04D6DCB56D96B6CFEC05C /* MockGoalStore.swift */; };
		A8F02C6763DBED2031D9F423 /* MainTabView.swift in Sources */ = {isa = PBXBuildFile; fileRef = 269FFB863CEE50D44AAEFF16 /* MainTabView.swift */; };
		AA1B36D818FF926CF2D7258C /* AppState.swift in Sources */ = {isa = PBXBuildFile; fileRef = 1F747DED91B9F0E7503CE283 /* AppState.swift */; };
		AC925E245A39D489D6A35441 /* MockProfileRepository.swift in Sources */ = {isa = PBXBuildFile; fileRef = FD48B88B301E282AE67DF4A4 /* MockProfileRepository.swift */; };
		B388D522478C125EAF696AD3 /* MockMessageStore.swift in Sources */ = {isa = PBXBuildFile; fileRef = F13548759C15A09C45AE9ED3 /* MockMessageStore.swift */; };
		B7688D4FB96CEA7382FDC71F /* Color+Theme.swift in Sources */ = {isa = PBXBuildFile; fileRef = FB5DB01330511281AED65F5D /* Color+Theme.swift */; };
		B7ACF7A6AFA2D4689902890A /* WeeklyGoalsView.swift in Sources */ = {isa = PBXBuildFile; fileRef = 97CE33C42CA9EE4783D81014 /* WeeklyGoalsView.swift */; };
		C1BB2E44C03E14D3F6C57E01 /* Habit.swift in Sources */ = {isa = PBXBuildFile; fileRef = 81274E10DB3D034993CAD125 /* Habit.swift */; };
		C6DEA3365130BE06EC19FBB8 /* HabitCelebrationView.swift in Sources */ = {isa = PBXBuildFile; fileRef = F6DD670F1D258FBAD3801A69 /* HabitCelebrationView.swift */; };
		D5E7F9B7014514226A1A68DC /* MemberRowView.swift in Sources */ = {isa = PBXBuildFile; fileRef = 1DFE77214583F77CB5A7185D /* MemberRowView.swift */; };
		D7539724508FDA45F5EF819E /* UserProfile.swift in Sources */ = {isa = PBXBuildFile; fileRef = 0A984F64EB765CBCA58109CA /* UserProfile.swift */; };
		DD3C34BA9BCF58E4313CF34C /* HistoryCalendarView.swift in Sources */ = {isa = PBXBuildFile; fileRef = B23EFD69AE88007BCFBA851F /* HistoryCalendarView.swift */; };
		DFA18036DC32AFE857E88F4C /* HabitsSetupView.swift in Sources */ = {isa = PBXBuildFile; fileRef = 426A21943CB544027A7E415A /* HabitsSetupView.swift */; };
		E28B30A6239671ECAF22C253 /* StreakCalculator.swift in Sources */ = {isa = PBXBuildFile; fileRef = EA662DA00B39395D803F0197 /* StreakCalculator.swift */; };
		EDFE55DC3E2EB37143364FE6 /* CKRecordConvertible.swift in Sources */ = {isa = PBXBuildFile; fileRef = 530F6020C6942EAEAB383940 /* CKRecordConvertible.swift */; };
		F0FD4C70A123C625BC14A7E0 /* ProfileSetupView.swift in Sources */ = {isa = PBXBuildFile; fileRef = E512FAB643E4155FF24466F1 /* ProfileSetupView.swift */; };
		F4F04C733236EDEFE0A983EB /* WeekCalculatorTests.swift in Sources */ = {isa = PBXBuildFile; fileRef = A549BBDEB61F46E5176B90CE /* WeekCalculatorTests.swift */; };
		F77430C360961BD259B915CF /* HabitRowView.swift in Sources */ = {isa = PBXBuildFile; fileRef = C1E680C8647CCB622C23236B /* HabitRowView.swift */; };
/* End PBXBuildFile section */

/* Begin PBXContainerItemProxy section */
		7109B73A34CDAEC08A82EB6E /* PBXContainerItemProxy */ = {
			isa = PBXContainerItemProxy;
			containerPortal = A0B742B9D975DE83128F71C3 /* Project object */;
			proxyType = 1;
			remoteGlobalIDString = A9C692CEE4C99A9267A1F79D;
			remoteInfo = Tally;
		};
/* End PBXContainerItemProxy section */

/* Begin PBXFileReference section */
		0A984F64EB765CBCA58109CA /* UserProfile.swift */ = {isa = PBXFileReference; lastKnownFileType = sourcecode.swift; path = UserProfile.swift; sourceTree = "<group>"; };
		0E8934A3D8914800D3038037 /* AvatarView.swift */ = {isa = PBXFileReference; lastKnownFileType = sourcecode.swift; path = AvatarView.swift; sourceTree = "<group>"; };
		10C04B332FB0E9DCC14136A9 /* DeepLinkHandler.swift */ = {isa = PBXFileReference; lastKnownFileType = sourcecode.swift; path = DeepLinkHandler.swift; sourceTree = "<group>"; };
		1DE51B53C3B5C99A361E9DD7 /* MessageComposerView.swift */ = {isa = PBXFileReference; lastKnownFileType = sourcecode.swift; path = MessageComposerView.swift; sourceTree = "<group>"; };
		1DFE77214583F77CB5A7185D /* MemberRowView.swift */ = {isa = PBXFileReference; lastKnownFileType = sourcecode.swift; path = MemberRowView.swift; sourceTree = "<group>"; };
		1F747DED91B9F0E7503CE283 /* AppState.swift */ = {isa = PBXFileReference; lastKnownFileType = sourcecode.swift; path = AppState.swift; sourceTree = "<group>"; };
		1FBCC93C895D5DAAF35E7E33 /* Tally.entitlements */ = {isa = PBXFileReference; lastKnownFileType = text.plist.entitlements; path = Tally.entitlements; sourceTree = "<group>"; };
		21D2909605717F549577D7B2 /* AddGoalSheet.swift */ = {isa = PBXFileReference; lastKnownFileType = sourcecode.swift; path = AddGoalSheet.swift; sourceTree = "<group>"; };
		269FFB863CEE50D44AAEFF16 /* MainTabView.swift */ = {isa = PBXFileReference; lastKnownFileType = sourcecode.swift; path = MainTabView.swift; sourceTree = "<group>"; };
		2975C824D6A555C048A5F7E8 /* CheckboxButton.swift */ = {isa = PBXFileReference; lastKnownFileType = sourcecode.swift; path = CheckboxButton.swift; sourceTree = "<group>"; };
		2E237822882594EFFAEB4744 /* MemberDetailView.swift */ = {isa = PBXFileReference; lastKnownFileType = sourcecode.swift; path = MemberDetailView.swift; sourceTree = "<group>"; };
		3299AC9D570A5254E7ECF943 /* CircleMember.swift */ = {isa = PBXFileReference; lastKnownFileType = sourcecode.swift; path = CircleMember.swift; sourceTree = "<group>"; };
		35137C828BEDFE0F1A23F7C2 /* EmptyStateView.swift */ = {isa = PBXFileReference; lastKnownFileType = sourcecode.swift; path = EmptyStateView.swift; sourceTree = "<group>"; };
		370BFA08DA98388F57FA9FE3 /* Date+Tally.swift */ = {isa = PBXFileReference; lastKnownFileType = sourcecode.swift; path = "Date+Tally.swift"; sourceTree = "<group>"; };
		426A21943CB544027A7E415A /* HabitsSetupView.swift */ = {isa = PBXFileReference; lastKnownFileType = sourcecode.swift; path = HabitsSetupView.swift; sourceTree = "<group>"; };
		46E01DF37CD02C2EC6B10B54 /* RootView.swift */ = {isa = PBXFileReference; lastKnownFileType = sourcecode.swift; path = RootView.swift; sourceTree = "<group>"; };
		4C0DCF5404863ACA6CB96F03 /* CircleFeedView.swift */ = {isa = PBXFileReference; lastKnownFileType = sourcecode.swift; path = CircleFeedView.swift; sourceTree = "<group>"; };
		4DCF1A5BC6FA366C4B658D35 /* Tally.app */ = {isa = PBXFileReference; includeInIndex = 0; lastKnownFileType = wrapper.application; path = Tally.app; sourceTree = BUILT_PRODUCTS_DIR; };
		530F6020C6942EAEAB383940 /* CKRecordConvertible.swift */ = {isa = PBXFileReference; lastKnownFileType = sourcecode.swift; path = CKRecordConvertible.swift; sourceTree = "<group>"; };
		5497A22187182B52574D38E9 /* MockHabitStore.swift */ = {isa = PBXFileReference; lastKnownFileType = sourcecode.swift; path = MockHabitStore.swift; sourceTree = "<group>"; };
		56F319D35E92BE520565AEBF /* MessageBubbleView.swift */ = {isa = PBXFileReference; lastKnownFileType = sourcecode.swift; path = MessageBubbleView.swift; sourceTree = "<group>"; };
		572BA4BB19728F7A9F7AED04 /* GoalsSetupView.swift */ = {isa = PBXFileReference; lastKnownFileType = sourcecode.swift; path = GoalsSetupView.swift; sourceTree = "<group>"; };
		596710D632C92CA7D6341EB9 /* HabitListView.swift */ = {isa = PBXFileReference; lastKnownFileType = sourcecode.swift; path = HabitListView.swift; sourceTree = "<group>"; };
		6A96D357A003369225937AA7 /* DirectMessageListView.swift */ = {isa = PBXFileReference; lastKnownFileType = sourcecode.swift; path = DirectMessageListView.swift; sourceTree = "<group>"; };
		6A9A9D1DF334A01ADC0012B0 /* DirectMessage.swift */ = {isa = PBXFileReference; lastKnownFileType = sourcecode.swift; path = DirectMessage.swift; sourceTree = "<group>"; };
		6AE3DEBFEA97C34B7EC75584 /* ICloudStatusGate.swift */ = {isa = PBXFileReference; lastKnownFileType = sourcecode.swift; path = ICloudStatusGate.swift; sourceTree = "<group>"; };
		7621171426553E6ABA9F1C87 /* DirectMessageThreadView.swift */ = {isa = PBXFileReference; lastKnownFileType = sourcecode.swift; path = DirectMessageThreadView.swift; sourceTree = "<group>"; };
		792FB3929C507FF92C72694F /* WeeklyGoal.swift */ = {isa = PBXFileReference; lastKnownFileType = sourcecode.swift; path = WeeklyGoal.swift; sourceTree = "<group>"; };
		7B233A82FD765774DB7E9A02 /* StreakCalculatorTests.swift */ = {isa = PBXFileReference; lastKnownFileType = sourcecode.swift; path = StreakCalculatorTests.swift; sourceTree = "<group>"; };
		7FC04D6DCB56D96B6CFEC05C /* MockGoalStore.swift */ = {isa = PBXFileReference; lastKnownFileType = sourcecode.swift; path = MockGoalStore.swift; sourceTree = "<group>"; };
		81274E10DB3D034993CAD125 /* Habit.swift */ = {isa = PBXFileReference; lastKnownFileType = sourcecode.swift; path = Habit.swift; sourceTree = "<group>"; };
		87073D927C36A87500F56727 /* AddHabitSheet.swift */ = {isa = PBXFileReference; lastKnownFileType = sourcecode.swift; path = AddHabitSheet.swift; sourceTree = "<group>"; };
		8A5B14F405D3F8F1D3713D9F /* Profile.swift */ = {isa = PBXFileReference; lastKnownFileType = sourcecode.swift; path = Profile.swift; sourceTree = "<group>"; };
		8B7C451078E291DE4ADD02B5 /* MockCircleStore.swift */ = {isa = PBXFileReference; lastKnownFileType = sourcecode.swift; path = MockCircleStore.swift; sourceTree = "<group>"; };
		8F9632183DC480FF9013A5DE /* Constants.swift */ = {isa = PBXFileReference; lastKnownFileType = sourcecode.swift; path = Constants.swift; sourceTree = "<group>"; };
		952D829F4BE8048607324226 /* TallyApp.swift */ = {isa = PBXFileReference; lastKnownFileType = sourcecode.swift; path = TallyApp.swift; sourceTree = "<group>"; };
		975BA3F618A269A8D5D8EA2A /* CircleMessage.swift */ = {isa = PBXFileReference; lastKnownFileType = sourcecode.swift; path = CircleMessage.swift; sourceTree = "<group>"; };
		97CE33C42CA9EE4783D81014 /* WeeklyGoalsView.swift */ = {isa = PBXFileReference; lastKnownFileType = sourcecode.swift; path = WeeklyGoalsView.swift; sourceTree = "<group>"; };
		9E56C832C2DC0492072BDAA2 /* MockData.swift */ = {isa = PBXFileReference; lastKnownFileType = sourcecode.swift; path = MockData.swift; sourceTree = "<group>"; };
		A4C2E39F14445DB05584D201 /* DayDetailView.swift */ = {isa = PBXFileReference; lastKnownFileType = sourcecode.swift; path = DayDetailView.swift; sourceTree = "<group>"; };
		A549BBDEB61F46E5176B90CE /* WeekCalculatorTests.swift */ = {isa = PBXFileReference; lastKnownFileType = sourcecode.swift; path = WeekCalculatorTests.swift; sourceTree = "<group>"; };
		B23EFD69AE88007BCFBA851F /* HistoryCalendarView.swift */ = {isa = PBXFileReference; lastKnownFileType = sourcecode.swift; path = HistoryCalendarView.swift; sourceTree = "<group>"; };
		BD07A89C9EF367D0B3BF4C56 /* TallyTests.xctest */ = {isa = PBXFileReference; includeInIndex = 0; lastKnownFileType = wrapper.cfbundle; path = TallyTests.xctest; sourceTree = BUILT_PRODUCTS_DIR; };
		BFC71190C85283D3E1DDE9D3 /* MockProfileStore.swift */ = {isa = PBXFileReference; lastKnownFileType = sourcecode.swift; path = MockProfileStore.swift; sourceTree = "<group>"; };
		C1E680C8647CCB622C23236B /* HabitRowView.swift */ = {isa = PBXFileReference; lastKnownFileType = sourcecode.swift; path = HabitRowView.swift; sourceTree = "<group>"; };
		C5E79DF71BCCE602887039DC /* CircleDashboardView.swift */ = {isa = PBXFileReference; lastKnownFileType = sourcecode.swift; path = CircleDashboardView.swift; sourceTree = "<group>"; };
		C998D4524473F7524D00E4B9 /* WeekCalculator.swift */ = {isa = PBXFileReference; lastKnownFileType = sourcecode.swift; path = WeekCalculator.swift; sourceTree = "<group>"; };
		DA4022F12FFC0A196A98FA76 /* ProfileRepository.swift */ = {isa = PBXFileReference; lastKnownFileType = sourcecode.swift; path = ProfileRepository.swift; sourceTree = "<group>"; };
		E2A062890E118D54EA899C1D /* CKClient.swift */ = {isa = PBXFileReference; lastKnownFileType = sourcecode.swift; path = CKClient.swift; sourceTree = "<group>"; };
		E512FAB643E4155FF24466F1 /* ProfileSetupView.swift */ = {isa = PBXFileReference; lastKnownFileType = sourcecode.swift; path = ProfileSetupView.swift; sourceTree = "<group>"; };
		EA662DA00B39395D803F0197 /* StreakCalculator.swift */ = {isa = PBXFileReference; lastKnownFileType = sourcecode.swift; path = StreakCalculator.swift; sourceTree = "<group>"; };
		EF0643AE001B774C4DBAAEE5 /* TallyCircle.swift */ = {isa = PBXFileReference; lastKnownFileType = sourcecode.swift; path = TallyCircle.swift; sourceTree = "<group>"; };
		F13548759C15A09C45AE9ED3 /* MockMessageStore.swift */ = {isa = PBXFileReference; lastKnownFileType = sourcecode.swift; path = MockMessageStore.swift; sourceTree = "<group>"; };
		F67E6D38950535254146D36C /* HabitCompletion.swift */ = {isa = PBXFileReference; lastKnownFileType = sourcecode.swift; path = HabitCompletion.swift; sourceTree = "<group>"; };
		F6DD670F1D258FBAD3801A69 /* HabitCelebrationView.swift */ = {isa = PBXFileReference; lastKnownFileType = sourcecode.swift; path = HabitCelebrationView.swift; sourceTree = "<group>"; };
		FB5DB01330511281AED65F5D /* Color+Theme.swift */ = {isa = PBXFileReference; lastKnownFileType = sourcecode.swift; path = "Color+Theme.swift"; sourceTree = "<group>"; };
		FD48B88B301E282AE67DF4A4 /* MockProfileRepository.swift */ = {isa = PBXFileReference; lastKnownFileType = sourcecode.swift; path = MockProfileRepository.swift; sourceTree = "<group>"; };
/* End PBXFileReference section */

/* Begin PBXGroup section */
		00C5910B045913EC2EF70D3C /* Messaging */ = {
			isa = PBXGroup;
			children = (
				38B591F1B4FE225568B3F1DF /* Views */,
			);
			path = Messaging;
			sourceTree = "<group>";
		};
		13C038209C88991257851F28 /* Features */ = {
			isa = PBXGroup;
			children = (
				65A92391CA866282FBDB0E2C /* Dashboard */,
				832C30683811A4B9C1A62357 /* Habits */,
				32A0330077F2A3F499593F78 /* History */,
				BFF87D5B71EE0052DDC7CCAA /* Identity */,
				9D846205ADB3522FB157003D /* MemberDetail */,
				00C5910B045913EC2EF70D3C /* Messaging */,
				A13250E8D0BB8E6FCF796634 /* WeeklyGoals */,
			);
			path = Features;
			sourceTree = "<group>";
		};
		1D9E9260735DA0A8A9E5CB92 /* Mock */ = {
			isa = PBXGroup;
			children = (
				8B7C451078E291DE4ADD02B5 /* MockCircleStore.swift */,
				9E56C832C2DC0492072BDAA2 /* MockData.swift */,
				7FC04D6DCB56D96B6CFEC05C /* MockGoalStore.swift */,
				5497A22187182B52574D38E9 /* MockHabitStore.swift */,
				F13548759C15A09C45AE9ED3 /* MockMessageStore.swift */,
				FD48B88B301E282AE67DF4A4 /* MockProfileRepository.swift */,
				BFC71190C85283D3E1DDE9D3 /* MockProfileStore.swift */,
			);
			path = Mock;
			sourceTree = "<group>";
		};
		32A0330077F2A3F499593F78 /* History */ = {
			isa = PBXGroup;
			children = (
				8D13155A269982A15A499B64 /* Views */,
			);
			path = History;
			sourceTree = "<group>";
		};
		34EE4265E10AB09688EA4F1A /* TallyTests */ = {
			isa = PBXGroup;
			children = (
				7B233A82FD765774DB7E9A02 /* StreakCalculatorTests.swift */,
				A549BBDEB61F46E5176B90CE /* WeekCalculatorTests.swift */,
			);
			path = TallyTests;
			sourceTree = "<group>";
		};
		38B591F1B4FE225568B3F1DF /* Views */ = {
			isa = PBXGroup;
			children = (
				4C0DCF5404863ACA6CB96F03 /* CircleFeedView.swift */,
				6A96D357A003369225937AA7 /* DirectMessageListView.swift */,
				7621171426553E6ABA9F1C87 /* DirectMessageThreadView.swift */,
				56F319D35E92BE520565AEBF /* MessageBubbleView.swift */,
				1DE51B53C3B5C99A361E9DD7 /* MessageComposerView.swift */,
			);
			path = Views;
			sourceTree = "<group>";
		};
		4F8EC9F444C4FB48A05B004D /* Tally */ = {
			isa = PBXGroup;
			children = (
				9A2F72C39DB705F7BB237887 /* App */,
				FAEBC7BEC00425FD637A30AC /* CloudKit */,
				13C038209C88991257851F28 /* Features */,
				1D9E9260735DA0A8A9E5CB92 /* Mock */,
				F08AE960B56D6B900010977D /* Models */,
				6D15E2A4673DDC7E277C86EC /* Shared */,
				AC7FA6A0A93D4EFD1F9CC499 /* Utilities */,
				1FBCC93C895D5DAAF35E7E33 /* Tally.entitlements */,
				952D829F4BE8048607324226 /* TallyApp.swift */,
			);
			path = Tally;
			sourceTree = "<group>";
		};
		519AF95473A55A971C76D7FC = {
			isa = PBXGroup;
			children = (
				4F8EC9F444C4FB48A05B004D /* Tally */,
				34EE4265E10AB09688EA4F1A /* TallyTests */,
				C75C7E2A36C05412BA7D5036 /* Products */,
			);
			sourceTree = "<group>";
		};
		5257E8666F0EED257708B744 /* Extensions */ = {
			isa = PBXGroup;
			children = (
				FB5DB01330511281AED65F5D /* Color+Theme.swift */,
				370BFA08DA98388F57FA9FE3 /* Date+Tally.swift */,
			);
			path = Extensions;
			sourceTree = "<group>";
		};
		547D77D5657F1A68E9AC07B7 /* Repositories */ = {
			isa = PBXGroup;
			children = (
				DA4022F12FFC0A196A98FA76 /* ProfileRepository.swift */,
			);
			path = Repositories;
			sourceTree = "<group>";
		};
		63984F064D6843CB1113B026 /* Views */ = {
			isa = PBXGroup;
			children = (
				C5E79DF71BCCE602887039DC /* CircleDashboardView.swift */,
				1DFE77214583F77CB5A7185D /* MemberRowView.swift */,
			);
			path = Views;
			sourceTree = "<group>";
		};
		65A92391CA866282FBDB0E2C /* Dashboard */ = {
			isa = PBXGroup;
			children = (
				63984F064D6843CB1113B026 /* Views */,
			);
			path = Dashboard;
			sourceTree = "<group>";
		};
		66E5198F353AD47B54D836BF /* Components */ = {
			isa = PBXGroup;
			children = (
				0E8934A3D8914800D3038037 /* AvatarView.swift */,
				2975C824D6A555C048A5F7E8 /* CheckboxButton.swift */,
				35137C828BEDFE0F1A23F7C2 /* EmptyStateView.swift */,
			);
			path = Components;
			sourceTree = "<group>";
		};
		6D15E2A4673DDC7E277C86EC /* Shared */ = {
			isa = PBXGroup;
			children = (
				66E5198F353AD47B54D836BF /* Components */,
				5257E8666F0EED257708B744 /* Extensions */,
			);
			path = Shared;
			sourceTree = "<group>";
		};
		76A522E449EC03813A056558 /* Views */ = {
			isa = PBXGroup;
			children = (
				2E237822882594EFFAEB4744 /* MemberDetailView.swift */,
			);
			path = Views;
			sourceTree = "<group>";
		};
		832C30683811A4B9C1A62357 /* Habits */ = {
			isa = PBXGroup;
			children = (
				CE1EA1A4ECEED603A4E362ED /* Views */,
			);
			path = Habits;
			sourceTree = "<group>";
		};
		8D13155A269982A15A499B64 /* Views */ = {
			isa = PBXGroup;
			children = (
				A4C2E39F14445DB05584D201 /* DayDetailView.swift */,
				B23EFD69AE88007BCFBA851F /* HistoryCalendarView.swift */,
			);
			path = Views;
			sourceTree = "<group>";
		};
		9A2F72C39DB705F7BB237887 /* App */ = {
			isa = PBXGroup;
			children = (
				1F747DED91B9F0E7503CE283 /* AppState.swift */,
				8F9632183DC480FF9013A5DE /* Constants.swift */,
				269FFB863CEE50D44AAEFF16 /* MainTabView.swift */,
				46E01DF37CD02C2EC6B10B54 /* RootView.swift */,
			);
			path = App;
			sourceTree = "<group>";
		};
		9D846205ADB3522FB157003D /* MemberDetail */ = {
			isa = PBXGroup;
			children = (
				76A522E449EC03813A056558 /* Views */,
			);
			path = MemberDetail;
			sourceTree = "<group>";
		};
		A13250E8D0BB8E6FCF796634 /* WeeklyGoals */ = {
			isa = PBXGroup;
			children = (
				C4AB3081344173FBEB7E5D77 /* Views */,
			);
			path = WeeklyGoals;
			sourceTree = "<group>";
		};
		A8383413992091147DD0BABA /* Views */ = {
			isa = PBXGroup;
			children = (
				572BA4BB19728F7A9F7AED04 /* GoalsSetupView.swift */,
				426A21943CB544027A7E415A /* HabitsSetupView.swift */,
				6AE3DEBFEA97C34B7EC75584 /* ICloudStatusGate.swift */,
				E512FAB643E4155FF24466F1 /* ProfileSetupView.swift */,
			);
			path = Views;
			sourceTree = "<group>";
		};
		AC7FA6A0A93D4EFD1F9CC499 /* Utilities */ = {
			isa = PBXGroup;
			children = (
				EA662DA00B39395D803F0197 /* StreakCalculator.swift */,
				C998D4524473F7524D00E4B9 /* WeekCalculator.swift */,
			);
			path = Utilities;
			sourceTree = "<group>";
		};
		BFF87D5B71EE0052DDC7CCAA /* Identity */ = {
			isa = PBXGroup;
			children = (
				A8383413992091147DD0BABA /* Views */,
			);
			path = Identity;
			sourceTree = "<group>";
		};
		C4AB3081344173FBEB7E5D77 /* Views */ = {
			isa = PBXGroup;
			children = (
				21D2909605717F549577D7B2 /* AddGoalSheet.swift */,
				97CE33C42CA9EE4783D81014 /* WeeklyGoalsView.swift */,
			);
			path = Views;
			sourceTree = "<group>";
		};
		C75C7E2A36C05412BA7D5036 /* Products */ = {
			isa = PBXGroup;
			children = (
				4DCF1A5BC6FA366C4B658D35 /* Tally.app */,
				BD07A89C9EF367D0B3BF4C56 /* TallyTests.xctest */,
			);
			name = Products;
			sourceTree = "<group>";
		};
		CE1EA1A4ECEED603A4E362ED /* Views */ = {
			isa = PBXGroup;
			children = (
				87073D927C36A87500F56727 /* AddHabitSheet.swift */,
				F6DD670F1D258FBAD3801A69 /* HabitCelebrationView.swift */,
				596710D632C92CA7D6341EB9 /* HabitListView.swift */,
				C1E680C8647CCB622C23236B /* HabitRowView.swift */,
			);
			path = Views;
			sourceTree = "<group>";
		};
		F08AE960B56D6B900010977D /* Models */ = {
			isa = PBXGroup;
			children = (
				3299AC9D570A5254E7ECF943 /* CircleMember.swift */,
				975BA3F618A269A8D5D8EA2A /* CircleMessage.swift */,
				6A9A9D1DF334A01ADC0012B0 /* DirectMessage.swift */,
				81274E10DB3D034993CAD125 /* Habit.swift */,
				F67E6D38950535254146D36C /* HabitCompletion.swift */,
				8A5B14F405D3F8F1D3713D9F /* Profile.swift */,
				EF0643AE001B774C4DBAAEE5 /* TallyCircle.swift */,
				0A984F64EB765CBCA58109CA /* UserProfile.swift */,
				792FB3929C507FF92C72694F /* WeeklyGoal.swift */,
			);
			path = Models;
			sourceTree = "<group>";
		};
		FAEBC7BEC00425FD637A30AC /* CloudKit */ = {
			isa = PBXGroup;
			children = (
				547D77D5657F1A68E9AC07B7 /* Repositories */,
				E2A062890E118D54EA899C1D /* CKClient.swift */,
				530F6020C6942EAEAB383940 /* CKRecordConvertible.swift */,
				10C04B332FB0E9DCC14136A9 /* DeepLinkHandler.swift */,
			);
			path = CloudKit;
			sourceTree = "<group>";
		};
/* End PBXGroup section */

/* Begin PBXNativeTarget section */
		18C27FB10FE5BE0283218A33 /* TallyTests */ = {
			isa = PBXNativeTarget;
			buildConfigurationList = F77DE5F0B93410511E619176 /* Build configuration list for PBXNativeTarget "TallyTests" */;
			buildPhases = (
				1457CDAC95B864FAC2E93BC5 /* Sources */,
			);
			buildRules = (
			);
			dependencies = (
				132AEFBF0D39BEF21E458A41 /* PBXTargetDependency */,
			);
			name = TallyTests;
			packageProductDependencies = (
			);
			productName = TallyTests;
			productReference = BD07A89C9EF367D0B3BF4C56 /* TallyTests.xctest */;
			productType = "com.apple.product-type.bundle.unit-test";
		};
		A9C692CEE4C99A9267A1F79D /* Tally */ = {
			isa = PBXNativeTarget;
			buildConfigurationList = 1CE06C52A241371D16CFAE3B /* Build configuration list for PBXNativeTarget "Tally" */;
			buildPhases = (
				CACE146F76E8632C4560C232 /* Sources */,
			);
			buildRules = (
			);
			dependencies = (
			);
			name = Tally;
			packageProductDependencies = (
			);
			productName = Tally;
			productReference = 4DCF1A5BC6FA366C4B658D35 /* Tally.app */;
			productType = "com.apple.product-type.application";
		};
/* End PBXNativeTarget section */

/* Begin PBXProject section */
		A0B742B9D975DE83128F71C3 /* Project object */ = {
			isa = PBXProject;
			attributes = {
				BuildIndependentTargetsInParallel = YES;
				LastUpgradeCheck = 1430;
				TargetAttributes = {
				};
			};
			buildConfigurationList = 5C367879F862A4ED5849A1D0 /* Build configuration list for PBXProject "Tally" */;
			developmentRegion = en;
			hasScannedForEncodings = 0;
			knownRegions = (
				Base,
				en,
			);
			mainGroup = 519AF95473A55A971C76D7FC;
			minimizedProjectReferenceProxies = 1;
			preferredProjectObjectVersion = 77;
			productRefGroup = C75C7E2A36C05412BA7D5036 /* Products */;
			projectDirPath = "";
			projectRoot = "";
			targets = (
				A9C692CEE4C99A9267A1F79D /* Tally */,
				18C27FB10FE5BE0283218A33 /* TallyTests */,
			);
		};
/* End PBXProject section */

/* Begin PBXSourcesBuildPhase section */
		1457CDAC95B864FAC2E93BC5 /* Sources */ = {
			isa = PBXSourcesBuildPhase;
			buildActionMask = 2147483647;
			files = (
				43365BBD43AD94F1B2ACEE61 /* StreakCalculatorTests.swift in Sources */,
				F4F04C733236EDEFE0A983EB /* WeekCalculatorTests.swift in Sources */,
			);
			runOnlyForDeploymentPostprocessing = 0;
		};
		CACE146F76E8632C4560C232 /* Sources */ = {
			isa = PBXSourcesBuildPhase;
			buildActionMask = 2147483647;
			files = (
				4FBAFB8286AB96CC930DCDC9 /* AddGoalSheet.swift in Sources */,
				42F0CCD6C46D493A9DCE34C9 /* AddHabitSheet.swift in Sources */,
				AA1B36D818FF926CF2D7258C /* AppState.swift in Sources */,
				0388F2D8707F552D8F69D8B2 /* AvatarView.swift in Sources */,
				6C546B4FC97EBE5DE0A13E69 /* CKClient.swift in Sources */,
				EDFE55DC3E2EB37143364FE6 /* CKRecordConvertible.swift in Sources */,
				73CC483F7E58538E9B30712A /* CheckboxButton.swift in Sources */,
				74BF818C821A0CD69015BCFE /* CircleDashboardView.swift in Sources */,
				86F405E98DA8E3A10C1C48B7 /* CircleFeedView.swift in Sources */,
				88E18B78A088CC04B4908862 /* CircleMember.swift in Sources */,
				11A3D04872770CC53D17C320 /* CircleMessage.swift in Sources */,
				B7688D4FB96CEA7382FDC71F /* Color+Theme.swift in Sources */,
				5CF7076A7D942EE6B9F78F6C /* Constants.swift in Sources */,
				2E8C8E17F74E88A4471EC79B /* Date+Tally.swift in Sources */,
				A2D3DD8B45197DC7B05ECAD3 /* DayDetailView.swift in Sources */,
				2C873E5ED0126C0807005F80 /* DeepLinkHandler.swift in Sources */,
				734D650294B7E4DCAFE08F11 /* DirectMessage.swift in Sources */,
				5463BAB7233583B1CE0CC2DB /* DirectMessageListView.swift in Sources */,
				140D4F90BABD9336827F0C43 /* DirectMessageThreadView.swift in Sources */,
				0024E4E9B5BE578D82C70491 /* EmptyStateView.swift in Sources */,
				4E0D613B82DDFD9130A82EAE /* GoalsSetupView.swift in Sources */,
				C1BB2E44C03E14D3F6C57E01 /* Habit.swift in Sources */,
				C6DEA3365130BE06EC19FBB8 /* HabitCelebrationView.swift in Sources */,
				290BABB86CBD2D9826AC33E4 /* HabitCompletion.swift in Sources */,
				9CA3820E0FFE03E11541EF54 /* HabitListView.swift in Sources */,
				F77430C360961BD259B915CF /* HabitRowView.swift in Sources */,
				DFA18036DC32AFE857E88F4C /* HabitsSetupView.swift in Sources */,
				DD3C34BA9BCF58E4313CF34C /* HistoryCalendarView.swift in Sources */,
				7332561AE65743C77CF70FBE /* ICloudStatusGate.swift in Sources */,
				A8F02C6763DBED2031D9F423 /* MainTabView.swift in Sources */,
				2EF4CD66338EB2415A1B358D /* MemberDetailView.swift in Sources */,
				D5E7F9B7014514226A1A68DC /* MemberRowView.swift in Sources */,
				12D3538B795DC4CC4ADEDB79 /* MessageBubbleView.swift in Sources */,
				70130F2A270FFE3CD74A7BC6 /* MessageComposerView.swift in Sources */,
				7859CA46CEC6773766592256 /* MockCircleStore.swift in Sources */,
				128BE8E9A8BEE2E8B73E1950 /* MockData.swift in Sources */,
				A3C3C0E8603E66529153A491 /* MockGoalStore.swift in Sources */,
				37229F201AE53D8116A0745D /* MockHabitStore.swift in Sources */,
				B388D522478C125EAF696AD3 /* MockMessageStore.swift in Sources */,
				AC925E245A39D489D6A35441 /* MockProfileRepository.swift in Sources */,
				3E4949B44A008C857DFB0D64 /* MockProfileStore.swift in Sources */,
				81A088BA10B7B2F91EC0995A /* Profile.swift in Sources */,
				8703EE7AA29B3BDA766C7B66 /* ProfileRepository.swift in Sources */,
				F0FD4C70A123C625BC14A7E0 /* ProfileSetupView.swift in Sources */,
				1BF848C159AE44A46303C475 /* RootView.swift in Sources */,
				E28B30A6239671ECAF22C253 /* StreakCalculator.swift in Sources */,
				35BBEA0B07AD308B03814152 /* TallyApp.swift in Sources */,
				6968B68DFB910D9442F500FB /* TallyCircle.swift in Sources */,
				D7539724508FDA45F5EF819E /* UserProfile.swift in Sources */,
				343BD6037A10410E91205018 /* WeekCalculator.swift in Sources */,
				796898ACDA0CE402FCB8C895 /* WeeklyGoal.swift in Sources */,
				B7ACF7A6AFA2D4689902890A /* WeeklyGoalsView.swift in Sources */,
			);
			runOnlyForDeploymentPostprocessing = 0;
		};
/* End PBXSourcesBuildPhase section */

/* Begin PBXTargetDependency section */
		132AEFBF0D39BEF21E458A41 /* PBXTargetDependency */ = {
			isa = PBXTargetDependency;
			target = A9C692CEE4C99A9267A1F79D /* Tally */;
			targetProxy = 7109B73A34CDAEC08A82EB6E /* PBXContainerItemProxy */;
		};
/* End PBXTargetDependency section */

/* Begin XCBuildConfiguration section */
		12101AA6E08B336BDA2AE4A0 /* Debug */ = {
			isa = XCBuildConfiguration;
			buildSettings = {
				ALWAYS_SEARCH_USER_PATHS = NO;
				CLANG_ANALYZER_NONNULL = YES;
				CLANG_ANALYZER_NUMBER_OBJECT_CONVERSION = YES_AGGRESSIVE;
				CLANG_CXX_LANGUAGE_STANDARD = "gnu++14";
				CLANG_CXX_LIBRARY = "libc++";
				CLANG_ENABLE_MODULES = YES;
				CLANG_ENABLE_OBJC_ARC = YES;
				CLANG_ENABLE_OBJC_WEAK = YES;
				CLANG_WARN_BLOCK_CAPTURE_AUTORELEASING = YES;
				CLANG_WARN_BOOL_CONVERSION = YES;
				CLANG_WARN_COMMA = YES;
				CLANG_WARN_CONSTANT_CONVERSION = YES;
				CLANG_WARN_DEPRECATED_OBJC_IMPLEMENTATIONS = YES;
				CLANG_WARN_DIRECT_OBJC_ISA_USAGE = YES_ERROR;
				CLANG_WARN_DOCUMENTATION_COMMENTS = YES;
				CLANG_WARN_EMPTY_BODY = YES;
				CLANG_WARN_ENUM_CONVERSION = YES;
				CLANG_WARN_INFINITE_RECURSION = YES;
				CLANG_WARN_INT_CONVERSION = YES;
				CLANG_WARN_NON_LITERAL_NULL_CONVERSION = YES;
				CLANG_WARN_OBJC_IMPLICIT_RETAIN_SELF = YES;
				CLANG_WARN_OBJC_LITERAL_CONVERSION = YES;
				CLANG_WARN_OBJC_ROOT_CLASS = YES_ERROR;
				CLANG_WARN_QUOTED_INCLUDE_IN_FRAMEWORK_HEADER = YES;
				CLANG_WARN_RANGE_LOOP_ANALYSIS = YES;
				CLANG_WARN_STRICT_PROTOTYPES = YES;
				CLANG_WARN_SUSPICIOUS_MOVE = YES;
				CLANG_WARN_UNGUARDED_AVAILABILITY = YES_AGGRESSIVE;
				CLANG_WARN_UNREACHABLE_CODE = YES;
				CLANG_WARN__DUPLICATE_METHOD_MATCH = YES;
				COPY_PHASE_STRIP = NO;
				DEBUG_INFORMATION_FORMAT = dwarf;
				ENABLE_STRICT_OBJC_MSGSEND = YES;
				ENABLE_TESTABILITY = YES;
				GCC_C_LANGUAGE_STANDARD = gnu11;
				GCC_DYNAMIC_NO_PIC = NO;
				GCC_NO_COMMON_BLOCKS = YES;
				GCC_OPTIMIZATION_LEVEL = 0;
				GCC_PREPROCESSOR_DEFINITIONS = (
					"$(inherited)",
					"DEBUG=1",
				);
				GCC_WARN_64_TO_32_BIT_CONVERSION = YES;
				GCC_WARN_ABOUT_RETURN_TYPE = YES_ERROR;
				GCC_WARN_UNDECLARED_SELECTOR = YES;
				GCC_WARN_UNINITIALIZED_AUTOS = YES_AGGRESSIVE;
				GCC_WARN_UNUSED_FUNCTION = YES;
				GCC_WARN_UNUSED_VARIABLE = YES;
				GENERATE_INFOPLIST_FILE = YES;
				INFOPLIST_KEY_UIApplicationSceneManifest_Generation = YES;
				INFOPLIST_KEY_UIApplicationSupportsIndirectInputEvents = YES;
				INFOPLIST_KEY_UILaunchScreen_Generation = YES;
				INFOPLIST_KEY_UISupportedInterfaceOrientations_iPhone = UIInterfaceOrientationPortrait;
				IPHONEOS_DEPLOYMENT_TARGET = 17.0;
				MTL_ENABLE_DEBUG_INFO = INCLUDE_SOURCE;
				MTL_FAST_MATH = YES;
				ONLY_ACTIVE_ARCH = YES;
				PRODUCT_NAME = "$(TARGET_NAME)";
				SDKROOT = iphoneos;
				SWIFT_ACTIVE_COMPILATION_CONDITIONS = DEBUG;
				SWIFT_OPTIMIZATION_LEVEL = "-Onone";
				SWIFT_VERSION = 5.9;
				TARGETED_DEVICE_FAMILY = "1,2";
			};
			name = Debug;
		};
		41259AA067720A8B37E01F95 /* Release */ = {
			isa = XCBuildConfiguration;
			buildSettings = {
				ASSETCATALOG_COMPILER_APPICON_NAME = AppIcon;
				CODE_SIGN_ENTITLEMENTS = Tally/Tally.entitlements;
				CODE_SIGN_IDENTITY = "iPhone Developer";
				ENABLE_PREVIEWS = YES;
				LD_RUNPATH_SEARCH_PATHS = (
					"$(inherited)",
					"@executable_path/Frameworks",
				);
				PRODUCT_BUNDLE_IDENTIFIER = com.christylam.tally;
				PRODUCT_NAME = Tally;
				SDKROOT = iphoneos;
				SWIFT_EMIT_LOC_STRINGS = YES;
				TARGETED_DEVICE_FAMILY = "1,2";
			};
			name = Release;
		};
		73CE873162472AEEF0DA4AE8 /* Release */ = {
			isa = XCBuildConfiguration;
			buildSettings = {
				ALWAYS_SEARCH_USER_PATHS = NO;
				CLANG_ANALYZER_NONNULL = YES;
				CLANG_ANALYZER_NUMBER_OBJECT_CONVERSION = YES_AGGRESSIVE;
				CLANG_CXX_LANGUAGE_STANDARD = "gnu++14";
				CLANG_CXX_LIBRARY = "libc++";
				CLANG_ENABLE_MODULES = YES;
				CLANG_ENABLE_OBJC_ARC = YES;
				CLANG_ENABLE_OBJC_WEAK = YES;
				CLANG_WARN_BLOCK_CAPTURE_AUTORELEASING = YES;
				CLANG_WARN_BOOL_CONVERSION = YES;
				CLANG_WARN_COMMA = YES;
				CLANG_WARN_CONSTANT_CONVERSION = YES;
				CLANG_WARN_DEPRECATED_OBJC_IMPLEMENTATIONS = YES;
				CLANG_WARN_DIRECT_OBJC_ISA_USAGE = YES_ERROR;
				CLANG_WARN_DOCUMENTATION_COMMENTS = YES;
				CLANG_WARN_EMPTY_BODY = YES;
				CLANG_WARN_ENUM_CONVERSION = YES;
				CLANG_WARN_INFINITE_RECURSION = YES;
				CLANG_WARN_INT_CONVERSION = YES;
				CLANG_WARN_NON_LITERAL_NULL_CONVERSION = YES;
				CLANG_WARN_OBJC_IMPLICIT_RETAIN_SELF = YES;
				CLANG_WARN_OBJC_LITERAL_CONVERSION = YES;
				CLANG_WARN_OBJC_ROOT_CLASS = YES_ERROR;
				CLANG_WARN_QUOTED_INCLUDE_IN_FRAMEWORK_HEADER = YES;
				CLANG_WARN_RANGE_LOOP_ANALYSIS = YES;
				CLANG_WARN_STRICT_PROTOTYPES = YES;
				CLANG_WARN_SUSPICIOUS_MOVE = YES;
				CLANG_WARN_UNGUARDED_AVAILABILITY = YES_AGGRESSIVE;
				CLANG_WARN_UNREACHABLE_CODE = YES;
				CLANG_WARN__DUPLICATE_METHOD_MATCH = YES;
				COPY_PHASE_STRIP = NO;
				DEBUG_INFORMATION_FORMAT = "dwarf-with-dsym";
				ENABLE_NS_ASSERTIONS = NO;
				ENABLE_STRICT_OBJC_MSGSEND = YES;
				GCC_C_LANGUAGE_STANDARD = gnu11;
				GCC_NO_COMMON_BLOCKS = YES;
				GCC_WARN_64_TO_32_BIT_CONVERSION = YES;
				GCC_WARN_ABOUT_RETURN_TYPE = YES_ERROR;
				GCC_WARN_UNDECLARED_SELECTOR = YES;
				GCC_WARN_UNINITIALIZED_AUTOS = YES_AGGRESSIVE;
				GCC_WARN_UNUSED_FUNCTION = YES;
				GCC_WARN_UNUSED_VARIABLE = YES;
				GENERATE_INFOPLIST_FILE = YES;
				INFOPLIST_KEY_UIApplicationSceneManifest_Generation = YES;
				INFOPLIST_KEY_UIApplicationSupportsIndirectInputEvents = YES;
				INFOPLIST_KEY_UILaunchScreen_Generation = YES;
				INFOPLIST_KEY_UISupportedInterfaceOrientations_iPhone = UIInterfaceOrientationPortrait;
				IPHONEOS_DEPLOYMENT_TARGET = 17.0;
				MTL_ENABLE_DEBUG_INFO = NO;
				MTL_FAST_MATH = YES;
				PRODUCT_NAME = "$(TARGET_NAME)";
				SDKROOT = iphoneos;
				SWIFT_COMPILATION_MODE = wholemodule;
				SWIFT_OPTIMIZATION_LEVEL = "-O";
				SWIFT_VERSION = 5.9;
				TARGETED_DEVICE_FAMILY = "1,2";
			};
			name = Release;
		};
		B9A9BFD63A5662C04782A0CD /* Debug */ = {
			isa = XCBuildConfiguration;
			buildSettings = {
				ASSETCATALOG_COMPILER_APPICON_NAME = AppIcon;
				CODE_SIGN_ENTITLEMENTS = Tally/Tally.entitlements;
				CODE_SIGN_IDENTITY = "iPhone Developer";
				ENABLE_PREVIEWS = YES;
				LD_RUNPATH_SEARCH_PATHS = (
					"$(inherited)",
					"@executable_path/Frameworks",
				);
				PRODUCT_BUNDLE_IDENTIFIER = com.christylam.tally;
				PRODUCT_NAME = Tally;
				SDKROOT = iphoneos;
				SWIFT_EMIT_LOC_STRINGS = YES;
				TARGETED_DEVICE_FAMILY = "1,2";
			};
			name = Debug;
		};
		D472ABDC44CDBF7863F48B90 /* Debug */ = {
			isa = XCBuildConfiguration;
			buildSettings = {
				BUNDLE_LOADER = "$(TEST_HOST)";
				GENERATE_INFOPLIST_FILE = YES;
				LD_RUNPATH_SEARCH_PATHS = (
					"$(inherited)",
					"@executable_path/Frameworks",
					"@loader_path/Frameworks",
				);
				PRODUCT_BUNDLE_IDENTIFIER = com.christylam.tally.tests;
				SDKROOT = iphoneos;
				TARGETED_DEVICE_FAMILY = "1,2";
				TEST_HOST = "$(BUILT_PRODUCTS_DIR)/Tally.app/Tally";
			};
			name = Debug;
		};
		D896EF1B1D88DA9E3E835CD0 /* Release */ = {
			isa = XCBuildConfiguration;
			buildSettings = {
				BUNDLE_LOADER = "$(TEST_HOST)";
				GENERATE_INFOPLIST_FILE = YES;
				LD_RUNPATH_SEARCH_PATHS = (
					"$(inherited)",
					"@executable_path/Frameworks",
					"@loader_path/Frameworks",
				);
				PRODUCT_BUNDLE_IDENTIFIER = com.christylam.tally.tests;
				SDKROOT = iphoneos;
				TARGETED_DEVICE_FAMILY = "1,2";
				TEST_HOST = "$(BUILT_PRODUCTS_DIR)/Tally.app/Tally";
			};
			name = Release;
		};
/* End XCBuildConfiguration section */

/* Begin XCConfigurationList section */
		1CE06C52A241371D16CFAE3B /* Build configuration list for PBXNativeTarget "Tally" */ = {
			isa = XCConfigurationList;
			buildConfigurations = (
				B9A9BFD63A5662C04782A0CD /* Debug */,
				41259AA067720A8B37E01F95 /* Release */,
			);
			defaultConfigurationIsVisible = 0;
			defaultConfigurationName = Debug;
		};
		5C367879F862A4ED5849A1D0 /* Build configuration list for PBXProject "Tally" */ = {
			isa = XCConfigurationList;
			buildConfigurations = (
				12101AA6E08B336BDA2AE4A0 /* Debug */,
				73CE873162472AEEF0DA4AE8 /* Release */,
			);
			defaultConfigurationIsVisible = 0;
			defaultConfigurationName = Debug;
		};
		F77DE5F0B93410511E619176 /* Build configuration list for PBXNativeTarget "TallyTests" */ = {
			isa = XCConfigurationList;
			buildConfigurations = (
				D472ABDC44CDBF7863F48B90 /* Debug */,
				D896EF1B1D88DA9E3E835CD0 /* Release */,
			);
			defaultConfigurationIsVisible = 0;
			defaultConfigurationName = Debug;
		};
/* End XCConfigurationList section */
	};
	rootObject = A0B742B9D975DE83128F71C3 /* Project object */;
}
